
Microsoft Visual Studio Solution File, Format Version 12.00
# Visual Studio Version 17
VisualStudioVersion = 17.6.33723.286
MinimumVisualStudioVersion = 10.0.40219.1
Project("{FAE04EC0-301F-11D3-BF4B-00C04F79EFBC}") = "Exceptions", "Exceptions\Exceptions.csproj", "{264DA04C-8336-4343-B25E-62FB62FF98E1}"
EndProject
Global
	GlobalSection(SolutionConfigurationPlatforms) = preSolution
		Debug|Any CPU = Debug|Any CPU
		Release|Any CPU = Release|Any CPU
	EndGlobalSection
	GlobalSection(ProjectConfigurationPlatforms) = postSolution
		{264DA04C-8336-4343-B25E-62FB62FF98E1}.Debug|Any CPU.ActiveCfg = Debug|Any CPU
		{264DA04C-8336-4343-B25E-62FB62FF98E1}.Debug|Any CPU.Build.0 = Debug|Any CPU
		{264DA04C-8336-4343-B25E-62FB62FF98E1}.Release|Any CPU.ActiveCfg = Release|Any CPU
		{264DA04C-8336-4343-B25E-62FB62FF98E1}.Release|Any CPU.Build.0 = Release|Any CPU
	EndGlobalSection
	GlobalSection(SolutionProperties) = preSolution
		HideSolutionNode = FALSE
	EndGlobalSection
	GlobalSection(ExtensibilityGlobals) = postSolution
		SolutionGuid = {B5BAB307-6928-4C11-9236-4C9C378BF836}
	EndGlobalSection
EndGlobal
